
Microsoft Visual Studio Solution File, Format Version 12.00
# Visual Studio Version 17
VisualStudioVersion = 17.6.33723.286
MinimumVisualStudioVersion = 10.0.40219.1
Project("{FAE04EC0-301F-11D3-BF4B-00C04F79EFBC}") = "NumberGuesser", "NumberGuesser\NumberGuesser.csproj", "{E9C880DA-E860-4AA0-98DF-8000B039B1AF}"
EndProject
Global
	GlobalSection(SolutionConfigurationPlatforms) = preSolution
		Debug|Any CPU = Debug|Any CPU
		Release|Any CPU = Release|Any CPU
	EndGlobalSection
	GlobalSection(ProjectConfigurationPlatforms) = postSolution
		{E9C880DA-E860-4AA0-98DF-8000B039B1AF}.Debug|Any CPU.ActiveCfg = Debug|Any CPU
		{E9C880DA-E860-4AA0-98DF-8000B039B1AF}.Debug|Any CPU.Build.0 = Debug|Any CPU
		{E9C880DA-E860-4AA0-98DF-8000B039B1AF}.Release|Any CPU.ActiveCfg = Release|Any CPU
		{E9C880DA-E860-4AA0-98DF-8000B039B1AF}.Release|Any CPU.Build.0 = Release|Any CPU
	EndGlobalSection
	GlobalSection(SolutionProperties) = preSolution
		HideSolutionNode = FALSE
	EndGlobalSection
	GlobalSection(ExtensibilityGlobals) = postSolution
		SolutionGuid = {922DF9F5-9298-41B4-9DAD-05C2ABC0A9BF}
	EndGlobalSection
EndGlobal
